
Microsoft Visual Studio Solution File, Format Version 12.00
# Visual Studio Version 17
VisualStudioVersion = 17.9.34701.34
MinimumVisualStudioVersion = 10.0.40219.1
Project("{2150E333-8FDC-42A3-9474-1A3956D46DE8}") = "Services", "Services", "{C03A22E5-CBAD-4C10-9336-18A14A9DBA30}"
EndProject
Project("{2150E333-8FDC-42A3-9474-1A3956D46DE8}") = "TouristAttraction", "TouristAttraction", "{8023400A-16A3-4A7A-A8A4-B86C9ADBAB9E}"
EndProject
Project("{9A19103F-16F7-4668-BE54-9A1E7A4F7556}") = "TouristAttraction.API", "Services\TouristAttraction\TouristAttraction.API\TouristAttraction.API.csproj", "{7F82CA22-48B5-4EA8-897A-679F706889DF}"
EndProject
Project("{2150E333-8FDC-42A3-9474-1A3956D46DE8}") = "BuildingBlocks", "BuildingBlocks", "{85169FAB-11AF-466B-9EF2-04EFD87D9B8E}"
EndProject
Project("{9A19103F-16F7-4668-BE54-9A1E7A4F7556}") = "BuildingBlocks", "BuildingBlocks\BuildingBlocks\BuildingBlocks.csproj", "{47055F4D-9115-4BFF-864B-ABD034B432D0}"
EndProject
Project("{2150E333-8FDC-42A3-9474-1A3956D46DE8}") = "ProvinceVietNam", "ProvinceVietNam", "{17E98031-7035-48F5-B9DA-A7BA976EE5D5}"
EndProject
Project("{9A19103F-16F7-4668-BE54-9A1E7A4F7556}") = "ProvinceVietNam.API", "Services\ProvinceVietNam\ProvinceVietNam.API\ProvinceVietNam.API.csproj", "{5B0DE351-B812-45AE-B488-63CA3EE600B3}"
EndProject
Project("{E53339B2-1760-4266-BCC7-CA923CBCF16C}") = "docker-compose", "docker-compose.dcproj", "{D7221BE0-660E-4EB5-89BD-F46F0161A224}"
EndProject
Project("{2150E333-8FDC-42A3-9474-1A3956D46DE8}") = "UserAccess", "UserAccess", "{FFBB5919-4317-4D79-9B1F-ADE31F3253E2}"
EndProject
Project("{9A19103F-16F7-4668-BE54-9A1E7A4F7556}") = "UserAccess.API", "Services\UserAccess\UserAccess.API\UserAccess.API.csproj", "{2F7C5754-1C14-4674-9B1B-EE3337C34F82}"
EndProject
Project("{2150E333-8FDC-42A3-9474-1A3956D46DE8}") = "Identity", "Identity", "{72D79BB8-0D45-436B-9DAD-09D8D8E804F8}"
EndProject
Project("{9A19103F-16F7-4668-BE54-9A1E7A4F7556}") = "Identity.API", "Services\Identity\Identity.API\Identity.API.csproj", "{1BD0FBE1-1C68-40BC-96F3-08F36F8B77DB}"
EndProject
Project("{9A19103F-16F7-4668-BE54-9A1E7A4F7556}") = "Identity.Application", "Services\Identity\Identity.Application\Identity.Application.csproj", "{35796DC5-0927-4D97-86FC-DE34E77FF65D}"
EndProject
Project("{9A19103F-16F7-4668-BE54-9A1E7A4F7556}") = "Identity.Contract", "Services\Identity\Identity.Contract\Identity.Contract.csproj", "{F33EE5B3-3625-404C-A6C9-A22F3C9AB504}"
EndProject
Project("{9A19103F-16F7-4668-BE54-9A1E7A4F7556}") = "Identity.Domain", "Services\Identity\Identity.Domain\Identity.Domain.csproj", "{1BA32B2A-BA8C-465B-9D36-98C250D33870}"
EndProject
Project("{9A19103F-16F7-4668-BE54-9A1E7A4F7556}") = "Identity.Infrastructure", "Services\Identity\Identity.Infrastructure\Identity.Infrastructure.csproj", "{C7AFE3D7-236F-464D-AA41-65DD9A6CBBE6}"
EndProject
Project("{9A19103F-16F7-4668-BE54-9A1E7A4F7556}") = "UserAccess.Application", "Services\UserAccess\UserAccess.Application\UserAccess.Application.csproj", "{966E1053-F382-4B21-BDBB-EABADAF6FC09}"
EndProject
Project("{9A19103F-16F7-4668-BE54-9A1E7A4F7556}") = "UserAccess.Domain", "Services\UserAccess\UserAccess.Domain\UserAccess.Domain.csproj", "{D4FBE777-4346-48CD-B7A5-57D7E694E7D7}"
EndProject
Project("{9A19103F-16F7-4668-BE54-9A1E7A4F7556}") = "UserAccess.Infrastructure", "Services\UserAccess\UserAccess.Infrastructure\UserAccess.Infrastructure.csproj", "{FCF53BDA-513C-4D1E-8FAF-CCC7ED80F22E}"
EndProject
Global
	GlobalSection(SolutionConfigurationPlatforms) = preSolution
		Debug|Any CPU = Debug|Any CPU
		Release|Any CPU = Release|Any CPU
	EndGlobalSection
	GlobalSection(ProjectConfigurationPlatforms) = postSolution
		{7F82CA22-48B5-4EA8-897A-679F706889DF}.Debug|Any CPU.ActiveCfg = Debug|Any CPU
		{7F82CA22-48B5-4EA8-897A-679F706889DF}.Debug|Any CPU.Build.0 = Debug|Any CPU
		{7F82CA22-48B5-4EA8-897A-679F706889DF}.Release|Any CPU.ActiveCfg = Release|Any CPU
		{7F82CA22-48B5-4EA8-897A-679F706889DF}.Release|Any CPU.Build.0 = Release|Any CPU
		{47055F4D-9115-4BFF-864B-ABD034B432D0}.Debug|Any CPU.ActiveCfg = Debug|Any CPU
		{47055F4D-9115-4BFF-864B-ABD034B432D0}.Debug|Any CPU.Build.0 = Debug|Any CPU
		{47055F4D-9115-4BFF-864B-ABD034B432D0}.Release|Any CPU.ActiveCfg = Release|Any CPU
		{47055F4D-9115-4BFF-864B-ABD034B432D0}.Release|Any CPU.Build.0 = Release|Any CPU
		{5B0DE351-B812-45AE-B488-63CA3EE600B3}.Debug|Any CPU.ActiveCfg = Debug|Any CPU
		{5B0DE351-B812-45AE-B488-63CA3EE600B3}.Debug|Any CPU.Build.0 = Debug|Any CPU
		{5B0DE351-B812-45AE-B488-63CA3EE600B3}.Release|Any CPU.ActiveCfg = Release|Any CPU
		{5B0DE351-B812-45AE-B488-63CA3EE600B3}.Release|Any CPU.Build.0 = Release|Any CPU
		{D7221BE0-660E-4EB5-89BD-F46F0161A224}.Debug|Any CPU.ActiveCfg = Debug|Any CPU
		{D7221BE0-660E-4EB5-89BD-F46F0161A224}.Debug|Any CPU.Build.0 = Debug|Any CPU
		{D7221BE0-660E-4EB5-89BD-F46F0161A224}.Release|Any CPU.ActiveCfg = Release|Any CPU
		{D7221BE0-660E-4EB5-89BD-F46F0161A224}.Release|Any CPU.Build.0 = Release|Any CPU
		{2F7C5754-1C14-4674-9B1B-EE3337C34F82}.Debug|Any CPU.ActiveCfg = Debug|Any CPU
		{2F7C5754-1C14-4674-9B1B-EE3337C34F82}.Debug|Any CPU.Build.0 = Debug|Any CPU
		{2F7C5754-1C14-4674-9B1B-EE3337C34F82}.Release|Any CPU.ActiveCfg = Release|Any CPU
		{2F7C5754-1C14-4674-9B1B-EE3337C34F82}.Release|Any CPU.Build.0 = Release|Any CPU
		{1BD0FBE1-1C68-40BC-96F3-08F36F8B77DB}.Debug|Any CPU.ActiveCfg = Debug|Any CPU
		{1BD0FBE1-1C68-40BC-96F3-08F36F8B77DB}.Debug|Any CPU.Build.0 = Debug|Any CPU
		{1BD0FBE1-1C68-40BC-96F3-08F36F8B77DB}.Release|Any CPU.ActiveCfg = Release|Any CPU
		{1BD0FBE1-1C68-40BC-96F3-08F36F8B77DB}.Release|Any CPU.Build.0 = Release|Any CPU
		{35796DC5-0927-4D97-86FC-DE34E77FF65D}.Debug|Any CPU.ActiveCfg = Debug|Any CPU
		{35796DC5-0927-4D97-86FC-DE34E77FF65D}.Debug|Any CPU.Build.0 = Debug|Any CPU
		{35796DC5-0927-4D97-86FC-DE34E77FF65D}.Release|Any CPU.ActiveCfg = Release|Any CPU
		{35796DC5-0927-4D97-86FC-DE34E77FF65D}.Release|Any CPU.Build.0 = Release|Any CPU
		{F33EE5B3-3625-404C-A6C9-A22F3C9AB504}.Debug|Any CPU.ActiveCfg = Debug|Any CPU
		{F33EE5B3-3625-404C-A6C9-A22F3C9AB504}.Debug|Any CPU.Build.0 = Debug|Any CPU
		{F33EE5B3-3625-404C-A6C9-A22F3C9AB504}.Release|Any CPU.ActiveCfg = Release|Any CPU
		{F33EE5B3-3625-404C-A6C9-A22F3C9AB504}.Release|Any CPU.Build.0 = Release|Any CPU
		{1BA32B2A-BA8C-465B-9D36-98C250D33870}.Debug|Any CPU.ActiveCfg = Debug|Any CPU
		{1BA32B2A-BA8C-465B-9D36-98C250D33870}.Debug|Any CPU.Build.0 = Debug|Any CPU
		{1BA32B2A-BA8C-465B-9D36-98C250D33870}.Release|Any CPU.ActiveCfg = Release|Any CPU
		{1BA32B2A-BA8C-465B-9D36-98C250D33870}.Release|Any CPU.Build.0 = Release|Any CPU
		{C7AFE3D7-236F-464D-AA41-65DD9A6CBBE6}.Debug|Any CPU.ActiveCfg = Debug|Any CPU
		{C7AFE3D7-236F-464D-AA41-65DD9A6CBBE6}.Debug|Any CPU.Build.0 = Debug|Any CPU
		{C7AFE3D7-236F-464D-AA41-65DD9A6CBBE6}.Release|Any CPU.ActiveCfg = Release|Any CPU
		{C7AFE3D7-236F-464D-AA41-65DD9A6CBBE6}.Release|Any CPU.Build.0 = Release|Any CPU
		{966E1053-F382-4B21-BDBB-EABADAF6FC09}.Debug|Any CPU.ActiveCfg = Debug|Any CPU
		{966E1053-F382-4B21-BDBB-EABADAF6FC09}.Debug|Any CPU.Build.0 = Debug|Any CPU
		{966E1053-F382-4B21-BDBB-EABADAF6FC09}.Release|Any CPU.ActiveCfg = Release|Any CPU
		{966E1053-F382-4B21-BDBB-EABADAF6FC09}.Release|Any CPU.Build.0 = Release|Any CPU
		{D4FBE777-4346-48CD-B7A5-57D7E694E7D7}.Debug|Any CPU.ActiveCfg = Debug|Any CPU
		{D4FBE777-4346-48CD-B7A5-57D7E694E7D7}.Debug|Any CPU.Build.0 = Debug|Any CPU
		{D4FBE777-4346-48CD-B7A5-57D7E694E7D7}.Release|Any CPU.ActiveCfg = Release|Any CPU
		{D4FBE777-4346-48CD-B7A5-57D7E694E7D7}.Release|Any CPU.Build.0 = Release|Any CPU
		{FCF53BDA-513C-4D1E-8FAF-CCC7ED80F22E}.Debug|Any CPU.ActiveCfg = Debug|Any CPU
		{FCF53BDA-513C-4D1E-8FAF-CCC7ED80F22E}.Debug|Any CPU.Build.0 = Debug|Any CPU
		{FCF53BDA-513C-4D1E-8FAF-CCC7ED80F22E}.Release|Any CPU.ActiveCfg = Release|Any CPU
		{FCF53BDA-513C-4D1E-8FAF-CCC7ED80F22E}.Release|Any CPU.Build.0 = Release|Any CPU
	EndGlobalSection
	GlobalSection(SolutionProperties) = preSolution
		HideSolutionNode = FALSE
	EndGlobalSection
	GlobalSection(NestedProjects) = preSolution
		{8023400A-16A3-4A7A-A8A4-B86C9ADBAB9E} = {C03A22E5-CBAD-4C10-9336-18A14A9DBA30}
		{7F82CA22-48B5-4EA8-897A-679F706889DF} = {8023400A-16A3-4A7A-A8A4-B86C9ADBAB9E}
		{47055F4D-9115-4BFF-864B-ABD034B432D0} = {85169FAB-11AF-466B-9EF2-04EFD87D9B8E}
		{17E98031-7035-48F5-B9DA-A7BA976EE5D5} = {C03A22E5-CBAD-4C10-9336-18A14A9DBA30}
		{5B0DE351-B812-45AE-B488-63CA3EE600B3} = {17E98031-7035-48F5-B9DA-A7BA976EE5D5}
		{FFBB5919-4317-4D79-9B1F-ADE31F3253E2} = {C03A22E5-CBAD-4C10-9336-18A14A9DBA30}
		{2F7C5754-1C14-4674-9B1B-EE3337C34F82} = {FFBB5919-4317-4D79-9B1F-ADE31F3253E2}
		{72D79BB8-0D45-436B-9DAD-09D8D8E804F8} = {C03A22E5-CBAD-4C10-9336-18A14A9DBA30}
		{1BD0FBE1-1C68-40BC-96F3-08F36F8B77DB} = {72D79BB8-0D45-436B-9DAD-09D8D8E804F8}
		{35796DC5-0927-4D97-86FC-DE34E77FF65D} = {72D79BB8-0D45-436B-9DAD-09D8D8E804F8}
		{F33EE5B3-3625-404C-A6C9-A22F3C9AB504} = {72D79BB8-0D45-436B-9DAD-09D8D8E804F8}
		{1BA32B2A-BA8C-465B-9D36-98C250D33870} = {72D79BB8-0D45-436B-9DAD-09D8D8E804F8}
		{C7AFE3D7-236F-464D-AA41-65DD9A6CBBE6} = {72D79BB8-0D45-436B-9DAD-09D8D8E804F8}
		{966E1053-F382-4B21-BDBB-EABADAF6FC09} = {FFBB5919-4317-4D79-9B1F-ADE31F3253E2}
		{D4FBE777-4346-48CD-B7A5-57D7E694E7D7} = {FFBB5919-4317-4D79-9B1F-ADE31F3253E2}
		{FCF53BDA-513C-4D1E-8FAF-CCC7ED80F22E} = {FFBB5919-4317-4D79-9B1F-ADE31F3253E2}
	EndGlobalSection
	GlobalSection(ExtensibilityGlobals) = postSolution
		SolutionGuid = {A3E24053-2FFA-479B-A57B-0C926C4E6910}
	EndGlobalSection
EndGlobal
