
Microsoft Visual Studio Solution File, Format Version 12.00
# Visual Studio Version 17
VisualStudioVersion = 17.9.34701.34
MinimumVisualStudioVersion = 10.0.40219.1
Project("{2150E333-8FDC-42A3-9474-1A3956D46DE8}") = "Services", "Services", "{C03A22E5-CBAD-4C10-9336-18A14A9DBA30}"
EndProject
Project("{2150E333-8FDC-42A3-9474-1A3956D46DE8}") = "TouristAttraction", "TouristAttraction", "{8023400A-16A3-4A7A-A8A4-B86C9ADBAB9E}"
EndProject
Project("{9A19103F-16F7-4668-BE54-9A1E7A4F7556}") = "TouristAttraction.API", "Services\TouristAttraction\TouristAttraction.API\TouristAttraction.API.csproj", "{7F82CA22-48B5-4EA8-897A-679F706889DF}"
EndProject
Project("{2150E333-8FDC-42A3-9474-1A3956D46DE8}") = "BuildingBlocks", "BuildingBlocks", "{85169FAB-11AF-466B-9EF2-04EFD87D9B8E}"
EndProject
Project("{9A19103F-16F7-4668-BE54-9A1E7A4F7556}") = "BuildingBlocks", "BuildingBlocks\BuildingBlocks\BuildingBlocks.csproj", "{47055F4D-9115-4BFF-864B-ABD034B432D0}"
EndProject
Project("{2150E333-8FDC-42A3-9474-1A3956D46DE8}") = "ProvinceVietNam", "ProvinceVietNam", "{17E98031-7035-48F5-B9DA-A7BA976EE5D5}"
EndProject
Project("{9A19103F-16F7-4668-BE54-9A1E7A4F7556}") = "ProvinceVietNam.API", "Services\ProvinceVietNam\ProvinceVietNam.API\ProvinceVietNam.API.csproj", "{5B0DE351-B812-45AE-B488-63CA3EE600B3}"
EndProject
Project("{E53339B2-1760-4266-BCC7-CA923CBCF16C}") = "docker-compose", "docker-compose.dcproj", "{D7221BE0-660E-4EB5-89BD-F46F0161A224}"
EndProject
Project("{2150E333-8FDC-42A3-9474-1A3956D46DE8}") = "UserAccess", "UserAccess", "{FFBB5919-4317-4D79-9B1F-ADE31F3253E2}"
EndProject
Project("{9A19103F-16F7-4668-BE54-9A1E7A4F7556}") = "UserAccess.API", "Services\UserAccess\UserAccess.API\UserAccess.API.csproj", "{2F7C5754-1C14-4674-9B1B-EE3337C34F82}"
EndProject
Project("{2150E333-8FDC-42A3-9474-1A3956D46DE8}") = "Identity", "Identity", "{72D79BB8-0D45-436B-9DAD-09D8D8E804F8}"
EndProject
Project("{9A19103F-16F7-4668-BE54-9A1E7A4F7556}") = "Identity.API", "Services\Identity\Identity.API\Identity.API.csproj", "{1BD0FBE1-1C68-40BC-96F3-08F36F8B77DB}"
EndProject
Project("{9A19103F-16F7-4668-BE54-9A1E7A4F7556}") = "Identity.Application", "Services\Identity\Identity.Application\Identity.Application.csproj", "{35796DC5-0927-4D97-86FC-DE34E77FF65D}"
EndProject
Project("{9A19103F-16F7-4668-BE54-9A1E7A4F7556}") = "Identity.Contract", "Services\Identity\Identity.Contract\Identity.Contract.csproj", "{F33EE5B3-3625-404C-A6C9-A22F3C9AB504}"
EndProject
Project("{9A19103F-16F7-4668-BE54-9A1E7A4F7556}") = "Identity.Domain", "Services\Identity\Identity.Domain\Identity.Domain.csproj", "{1BA32B2A-BA8C-465B-9D36-98C250D33870}"
EndProject
Project("{9A19103F-16F7-4668-BE54-9A1E7A4F7556}") = "Identity.Infrastructure", "Services\Identity\Identity.Infrastructure\Identity.Infrastructure.csproj", "{C7AFE3D7-236F-464D-AA41-65DD9A6CBBE6}"
EndProject
Project("{9A19103F-16F7-4668-BE54-9A1E7A4F7556}") = "UserAccess.Application", "Services\UserAccess\UserAccess.Application\UserAccess.Application.csproj", "{966E1053-F382-4B21-BDBB-EABADAF6FC09}"
EndProject
Project("{9A19103F-16F7-4668-BE54-9A1E7A4F7556}") = "UserAccess.Domain", "Services\UserAccess\UserAccess.Domain\UserAccess.Domain.csproj", "{D4FBE777-4346-48CD-B7A5-57D7E694E7D7}"
EndProject
Project("{9A19103F-16F7-4668-BE54-9A1E7A4F7556}") = "UserAccess.Infrastructure", "Services\UserAccess\UserAccess.Infrastructure\UserAccess.Infrastructure.csproj", "{FCF53BDA-513C-4D1E-8FAF-CCC7ED80F22E}"
EndProject
Project("{9A19103F-16F7-4668-BE54-9A1E7A4F7556}") = "BuildingBlocks.Messaging", "BuildingBlocks\BuildingBlocks.Messaging\BuildingBlocks.Messaging.csproj", "{C363CC7D-72FA-411B-9F35-BD6E651F87AD}"
EndProject
Project("{2150E333-8FDC-42A3-9474-1A3956D46DE8}") = "ApiGateways", "ApiGateways", "{A7C52CE4-6FE8-4F52-9CD2-69154CBE49D8}"
EndProject
Project("{9A19103F-16F7-4668-BE54-9A1E7A4F7556}") = "YarpApiGateway", "ApiGateways\YarpApiGateway\YarpApiGateway.csproj", "{2C5F1AFF-E4F3-4E03-B9C4-31692CC4C756}"
EndProject
Project("{2150E333-8FDC-42A3-9474-1A3956D46DE8}") = "Certificates", "Certificates", "{A003A1E2-8934-4BA5-987D-7937EFF764D1}"
	ProjectSection(SolutionItems) = preProject
		Services\Identity\Identity.API\Certificates\tls.crt = Services\Identity\Identity.API\Certificates\tls.crt
		Services\Identity\Identity.API\Certificates\tls.key = Services\Identity\Identity.API\Certificates\tls.key
	EndProjectSection
EndProject
Project("{2150E333-8FDC-42A3-9474-1A3956D46DE8}") = "Location", "Location", "{3EEA6145-83A7-4511-9452-2B1AE68EB8A8}"
EndProject
Project("{9A19103F-16F7-4668-BE54-9A1E7A4F7556}") = "LocationAttraction.Grpc", "Services\Location\LocationAttraction.Grpc\LocationAttraction.Grpc.csproj", "{853208A0-DF0E-489C-AEE5-A6F94AA757E9}"
EndProject
Project("{9A19103F-16F7-4668-BE54-9A1E7A4F7556}") = "LocationAttraction.Application", "Services\Location\LocationAttraction.Application\LocationAttraction.Application.csproj", "{A856C32E-678D-4AA4-A8F2-91645A1922BD}"
EndProject
Project("{9A19103F-16F7-4668-BE54-9A1E7A4F7556}") = "LocationAttraction.Domain", "Services\Location\LocationAttraction.Domain\LocationAttraction.Domain.csproj", "{ECA02B0D-F360-47BE-A2C1-95A8E71E2B1F}"
EndProject
Project("{9A19103F-16F7-4668-BE54-9A1E7A4F7556}") = "LocationAttraction.Infrastructure", "Services\Location\LocationAttraction.Infrastructure\LocationAttraction.Infrastructure.csproj", "{C6C26616-F1E7-42D6-8404-7482827A2F43}"
EndProject
Project("{9A19103F-16F7-4668-BE54-9A1E7A4F7556}") = "LocationAttraction.API", "Services\Location\LocationAttraction.API\LocationAttraction.API.csproj", "{CEEB3725-BE72-47F1-84CD-5A3EEFBC5FA7}"
EndProject
Project("{2150E333-8FDC-42A3-9474-1A3956D46DE8}") = "TravelPlan", "TravelPlan", "{1A6448B5-5ED5-446C-ADF9-BD76C26D7838}"
EndProject
Project("{9A19103F-16F7-4668-BE54-9A1E7A4F7556}") = "TravelPlan.API", "Services\TravelPlan\TravelPlan.API\TravelPlan.API.csproj", "{AFC0E9C3-71FF-48CA-A1A0-4EBAB613D7C7}"
EndProject
Project("{9A19103F-16F7-4668-BE54-9A1E7A4F7556}") = "TravelPlan.Application", "Services\TravelPlan\TravelPlan.Application\TravelPlan.Application.csproj", "{EBD6340D-9166-494C-9532-6922C534749B}"
EndProject
Project("{9A19103F-16F7-4668-BE54-9A1E7A4F7556}") = "TravelPlan.Domain", "Services\TravelPlan\TravelPlan.Domain\TravelPlan.Domain.csproj", "{FB87A617-5EBC-45AD-915E-1B653923802E}"
EndProject
Project("{9A19103F-16F7-4668-BE54-9A1E7A4F7556}") = "TravelPlan.Infrastructure", "Services\TravelPlan\TravelPlan.Infrastructure\TravelPlan.Infrastructure.csproj", "{32603F26-76B8-44D5-8442-1F30972E5CC8}"
EndProject
Project("{2150E333-8FDC-42A3-9474-1A3956D46DE8}") = "Solution Items", "Solution Items", "{6C9617B3-DB9B-411E-B1F3-C32884646D3D}"
	ProjectSection(SolutionItems) = preProject
		.env = .env
	EndProjectSection
EndProject
Project("{2150E333-8FDC-42A3-9474-1A3956D46DE8}") = "NotificationUser", "NotificationUser", "{B261B86D-A8B4-4566-B2C6-A54CAAF7390E}"
EndProject
Project("{9A19103F-16F7-4668-BE54-9A1E7A4F7556}") = "NotificationUser.SignalR", "Services\NotificationUser\NotificationUser.SignalR\NotificationUser.SignalR.csproj", "{0929904A-AF64-4BEF-88C3-878D4135F567}"
EndProject
Project("{2150E333-8FDC-42A3-9474-1A3956D46DE8}") = "Chat", "Chat", "{326A2B54-A61F-411F-BF70-BC004E01F767}"
EndProject
Project("{9A19103F-16F7-4668-BE54-9A1E7A4F7556}") = "Chat.API", "Services\Chat\Chat.API\Chat.API.csproj", "{A194B875-6688-4040-809E-A550D1050650}"
EndProject
Project("{9A19103F-16F7-4668-BE54-9A1E7A4F7556}") = "Chat.Application", "Services\Chat\Chat.Application\Chat.Application.csproj", "{C579F7CC-6ABD-4951-9B1A-34043CE1E0F1}"
EndProject
Project("{9A19103F-16F7-4668-BE54-9A1E7A4F7556}") = "Chat.Domain", "Services\Chat\Chat.Domain\Chat.Domain.csproj", "{D4E46750-C373-4225-9AF5-288BE54825AF}"
EndProject
Project("{9A19103F-16F7-4668-BE54-9A1E7A4F7556}") = "Chat.Infrastructure", "Services\Chat\Chat.Infrastructure\Chat.Infrastructure.csproj", "{FB3F2A5A-57C1-415E-9E06-B90E486EFCAD}"
EndProject
Project("{2150E333-8FDC-42A3-9474-1A3956D46DE8}") = "PostManagement", "PostManagement", "{F5BCB6DC-C4F1-4285-AF1A-BE8E7315E320}"
EndProject
Project("{9A19103F-16F7-4668-BE54-9A1E7A4F7556}") = "PostManagement.API", "Services\PostManagement\PostManagement.API\PostManagement.API.csproj", "{698C738B-B16A-475B-B2B2-57828F5A41E1}"
EndProject
Project("{9A19103F-16F7-4668-BE54-9A1E7A4F7556}") = "PostManagement.Application", "Services\PostManagement\PostManagement.Application\PostManagement.Application.csproj", "{14C5152E-3440-4D0A-86D9-6396650B15DD}"
EndProject
Project("{9A19103F-16F7-4668-BE54-9A1E7A4F7556}") = "PostManagement.Domain", "Services\PostManagement\PostManagement.Domain\PostManagement.Domain.csproj", "{63BBAD29-0858-4446-BE0A-61A10FDFD89B}"
EndProject
Project("{9A19103F-16F7-4668-BE54-9A1E7A4F7556}") = "PostManagement.Infrastructure", "Services\PostManagement\PostManagement.Infrastructure\PostManagement.Infrastructure.csproj", "{C35E7E37-C13B-40E3-B60F-874C69234041}"
EndProject
Project("{2150E333-8FDC-42A3-9474-1A3956D46DE8}") = "Administrator", "Administrator", "{7CE98CFF-ECCA-4513-8063-DC4B66B6B25D}"
EndProject
Project("{FAE04EC0-301F-11D3-BF4B-00C04F79EFBC}") = "Administrator.API", "Services\Administrator\Administrator.API\Administrator.API.csproj", "{15FD1459-CE12-402A-BB39-8D8402018563}"
EndProject
Global
	GlobalSection(SolutionConfigurationPlatforms) = preSolution
		Debug|Any CPU = Debug|Any CPU
		Release|Any CPU = Release|Any CPU
	EndGlobalSection
	GlobalSection(ProjectConfigurationPlatforms) = postSolution
		{7F82CA22-48B5-4EA8-897A-679F706889DF}.Debug|Any CPU.ActiveCfg = Debug|Any CPU
		{7F82CA22-48B5-4EA8-897A-679F706889DF}.Debug|Any CPU.Build.0 = Debug|Any CPU
		{7F82CA22-48B5-4EA8-897A-679F706889DF}.Release|Any CPU.ActiveCfg = Release|Any CPU
		{7F82CA22-48B5-4EA8-897A-679F706889DF}.Release|Any CPU.Build.0 = Release|Any CPU
		{47055F4D-9115-4BFF-864B-ABD034B432D0}.Debug|Any CPU.ActiveCfg = Debug|Any CPU
		{47055F4D-9115-4BFF-864B-ABD034B432D0}.Debug|Any CPU.Build.0 = Debug|Any CPU
		{47055F4D-9115-4BFF-864B-ABD034B432D0}.Release|Any CPU.ActiveCfg = Release|Any CPU
		{47055F4D-9115-4BFF-864B-ABD034B432D0}.Release|Any CPU.Build.0 = Release|Any CPU
		{5B0DE351-B812-45AE-B488-63CA3EE600B3}.Debug|Any CPU.ActiveCfg = Debug|Any CPU
		{5B0DE351-B812-45AE-B488-63CA3EE600B3}.Debug|Any CPU.Build.0 = Debug|Any CPU
		{5B0DE351-B812-45AE-B488-63CA3EE600B3}.Release|Any CPU.ActiveCfg = Release|Any CPU
		{5B0DE351-B812-45AE-B488-63CA3EE600B3}.Release|Any CPU.Build.0 = Release|Any CPU
		{D7221BE0-660E-4EB5-89BD-F46F0161A224}.Debug|Any CPU.ActiveCfg = Debug|Any CPU
		{D7221BE0-660E-4EB5-89BD-F46F0161A224}.Debug|Any CPU.Build.0 = Debug|Any CPU
		{D7221BE0-660E-4EB5-89BD-F46F0161A224}.Release|Any CPU.ActiveCfg = Release|Any CPU
		{D7221BE0-660E-4EB5-89BD-F46F0161A224}.Release|Any CPU.Build.0 = Release|Any CPU
		{2F7C5754-1C14-4674-9B1B-EE3337C34F82}.Debug|Any CPU.ActiveCfg = Debug|Any CPU
		{2F7C5754-1C14-4674-9B1B-EE3337C34F82}.Debug|Any CPU.Build.0 = Debug|Any CPU
		{2F7C5754-1C14-4674-9B1B-EE3337C34F82}.Release|Any CPU.ActiveCfg = Release|Any CPU
		{2F7C5754-1C14-4674-9B1B-EE3337C34F82}.Release|Any CPU.Build.0 = Release|Any CPU
		{1BD0FBE1-1C68-40BC-96F3-08F36F8B77DB}.Debug|Any CPU.ActiveCfg = Debug|Any CPU
		{1BD0FBE1-1C68-40BC-96F3-08F36F8B77DB}.Debug|Any CPU.Build.0 = Debug|Any CPU
		{1BD0FBE1-1C68-40BC-96F3-08F36F8B77DB}.Release|Any CPU.ActiveCfg = Release|Any CPU
		{1BD0FBE1-1C68-40BC-96F3-08F36F8B77DB}.Release|Any CPU.Build.0 = Release|Any CPU
		{35796DC5-0927-4D97-86FC-DE34E77FF65D}.Debug|Any CPU.ActiveCfg = Debug|Any CPU
		{35796DC5-0927-4D97-86FC-DE34E77FF65D}.Debug|Any CPU.Build.0 = Debug|Any CPU
		{35796DC5-0927-4D97-86FC-DE34E77FF65D}.Release|Any CPU.ActiveCfg = Release|Any CPU
		{35796DC5-0927-4D97-86FC-DE34E77FF65D}.Release|Any CPU.Build.0 = Release|Any CPU
		{F33EE5B3-3625-404C-A6C9-A22F3C9AB504}.Debug|Any CPU.ActiveCfg = Debug|Any CPU
		{F33EE5B3-3625-404C-A6C9-A22F3C9AB504}.Debug|Any CPU.Build.0 = Debug|Any CPU
		{F33EE5B3-3625-404C-A6C9-A22F3C9AB504}.Release|Any CPU.ActiveCfg = Release|Any CPU
		{F33EE5B3-3625-404C-A6C9-A22F3C9AB504}.Release|Any CPU.Build.0 = Release|Any CPU
		{1BA32B2A-BA8C-465B-9D36-98C250D33870}.Debug|Any CPU.ActiveCfg = Debug|Any CPU
		{1BA32B2A-BA8C-465B-9D36-98C250D33870}.Debug|Any CPU.Build.0 = Debug|Any CPU
		{1BA32B2A-BA8C-465B-9D36-98C250D33870}.Release|Any CPU.ActiveCfg = Release|Any CPU
		{1BA32B2A-BA8C-465B-9D36-98C250D33870}.Release|Any CPU.Build.0 = Release|Any CPU
		{C7AFE3D7-236F-464D-AA41-65DD9A6CBBE6}.Debug|Any CPU.ActiveCfg = Debug|Any CPU
		{C7AFE3D7-236F-464D-AA41-65DD9A6CBBE6}.Debug|Any CPU.Build.0 = Debug|Any CPU
		{C7AFE3D7-236F-464D-AA41-65DD9A6CBBE6}.Release|Any CPU.ActiveCfg = Release|Any CPU
		{C7AFE3D7-236F-464D-AA41-65DD9A6CBBE6}.Release|Any CPU.Build.0 = Release|Any CPU
		{966E1053-F382-4B21-BDBB-EABADAF6FC09}.Debug|Any CPU.ActiveCfg = Debug|Any CPU
		{966E1053-F382-4B21-BDBB-EABADAF6FC09}.Debug|Any CPU.Build.0 = Debug|Any CPU
		{966E1053-F382-4B21-BDBB-EABADAF6FC09}.Release|Any CPU.ActiveCfg = Release|Any CPU
		{966E1053-F382-4B21-BDBB-EABADAF6FC09}.Release|Any CPU.Build.0 = Release|Any CPU
		{D4FBE777-4346-48CD-B7A5-57D7E694E7D7}.Debug|Any CPU.ActiveCfg = Debug|Any CPU
		{D4FBE777-4346-48CD-B7A5-57D7E694E7D7}.Debug|Any CPU.Build.0 = Debug|Any CPU
		{D4FBE777-4346-48CD-B7A5-57D7E694E7D7}.Release|Any CPU.ActiveCfg = Release|Any CPU
		{D4FBE777-4346-48CD-B7A5-57D7E694E7D7}.Release|Any CPU.Build.0 = Release|Any CPU
		{FCF53BDA-513C-4D1E-8FAF-CCC7ED80F22E}.Debug|Any CPU.ActiveCfg = Debug|Any CPU
		{FCF53BDA-513C-4D1E-8FAF-CCC7ED80F22E}.Debug|Any CPU.Build.0 = Debug|Any CPU
		{FCF53BDA-513C-4D1E-8FAF-CCC7ED80F22E}.Release|Any CPU.ActiveCfg = Release|Any CPU
		{FCF53BDA-513C-4D1E-8FAF-CCC7ED80F22E}.Release|Any CPU.Build.0 = Release|Any CPU
		{C363CC7D-72FA-411B-9F35-BD6E651F87AD}.Debug|Any CPU.ActiveCfg = Debug|Any CPU
		{C363CC7D-72FA-411B-9F35-BD6E651F87AD}.Debug|Any CPU.Build.0 = Debug|Any CPU
		{C363CC7D-72FA-411B-9F35-BD6E651F87AD}.Release|Any CPU.ActiveCfg = Release|Any CPU
		{C363CC7D-72FA-411B-9F35-BD6E651F87AD}.Release|Any CPU.Build.0 = Release|Any CPU
		{2C5F1AFF-E4F3-4E03-B9C4-31692CC4C756}.Debug|Any CPU.ActiveCfg = Debug|Any CPU
		{2C5F1AFF-E4F3-4E03-B9C4-31692CC4C756}.Debug|Any CPU.Build.0 = Debug|Any CPU
		{2C5F1AFF-E4F3-4E03-B9C4-31692CC4C756}.Release|Any CPU.ActiveCfg = Release|Any CPU
		{2C5F1AFF-E4F3-4E03-B9C4-31692CC4C756}.Release|Any CPU.Build.0 = Release|Any CPU
		{853208A0-DF0E-489C-AEE5-A6F94AA757E9}.Debug|Any CPU.ActiveCfg = Debug|Any CPU
		{853208A0-DF0E-489C-AEE5-A6F94AA757E9}.Debug|Any CPU.Build.0 = Debug|Any CPU
		{853208A0-DF0E-489C-AEE5-A6F94AA757E9}.Release|Any CPU.ActiveCfg = Release|Any CPU
		{853208A0-DF0E-489C-AEE5-A6F94AA757E9}.Release|Any CPU.Build.0 = Release|Any CPU
		{A856C32E-678D-4AA4-A8F2-91645A1922BD}.Debug|Any CPU.ActiveCfg = Debug|Any CPU
		{A856C32E-678D-4AA4-A8F2-91645A1922BD}.Debug|Any CPU.Build.0 = Debug|Any CPU
		{A856C32E-678D-4AA4-A8F2-91645A1922BD}.Release|Any CPU.ActiveCfg = Release|Any CPU
		{A856C32E-678D-4AA4-A8F2-91645A1922BD}.Release|Any CPU.Build.0 = Release|Any CPU
		{ECA02B0D-F360-47BE-A2C1-95A8E71E2B1F}.Debug|Any CPU.ActiveCfg = Debug|Any CPU
		{ECA02B0D-F360-47BE-A2C1-95A8E71E2B1F}.Debug|Any CPU.Build.0 = Debug|Any CPU
		{ECA02B0D-F360-47BE-A2C1-95A8E71E2B1F}.Release|Any CPU.ActiveCfg = Release|Any CPU
		{ECA02B0D-F360-47BE-A2C1-95A8E71E2B1F}.Release|Any CPU.Build.0 = Release|Any CPU
		{C6C26616-F1E7-42D6-8404-7482827A2F43}.Debug|Any CPU.ActiveCfg = Debug|Any CPU
		{C6C26616-F1E7-42D6-8404-7482827A2F43}.Debug|Any CPU.Build.0 = Debug|Any CPU
		{C6C26616-F1E7-42D6-8404-7482827A2F43}.Release|Any CPU.ActiveCfg = Release|Any CPU
		{C6C26616-F1E7-42D6-8404-7482827A2F43}.Release|Any CPU.Build.0 = Release|Any CPU
		{CEEB3725-BE72-47F1-84CD-5A3EEFBC5FA7}.Debug|Any CPU.ActiveCfg = Debug|Any CPU
		{CEEB3725-BE72-47F1-84CD-5A3EEFBC5FA7}.Debug|Any CPU.Build.0 = Debug|Any CPU
		{CEEB3725-BE72-47F1-84CD-5A3EEFBC5FA7}.Release|Any CPU.ActiveCfg = Release|Any CPU
		{CEEB3725-BE72-47F1-84CD-5A3EEFBC5FA7}.Release|Any CPU.Build.0 = Release|Any CPU
		{AFC0E9C3-71FF-48CA-A1A0-4EBAB613D7C7}.Debug|Any CPU.ActiveCfg = Debug|Any CPU
		{AFC0E9C3-71FF-48CA-A1A0-4EBAB613D7C7}.Debug|Any CPU.Build.0 = Debug|Any CPU
		{AFC0E9C3-71FF-48CA-A1A0-4EBAB613D7C7}.Release|Any CPU.ActiveCfg = Release|Any CPU
		{AFC0E9C3-71FF-48CA-A1A0-4EBAB613D7C7}.Release|Any CPU.Build.0 = Release|Any CPU
		{EBD6340D-9166-494C-9532-6922C534749B}.Debug|Any CPU.ActiveCfg = Debug|Any CPU
		{EBD6340D-9166-494C-9532-6922C534749B}.Debug|Any CPU.Build.0 = Debug|Any CPU
		{EBD6340D-9166-494C-9532-6922C534749B}.Release|Any CPU.ActiveCfg = Release|Any CPU
		{EBD6340D-9166-494C-9532-6922C534749B}.Release|Any CPU.Build.0 = Release|Any CPU
		{FB87A617-5EBC-45AD-915E-1B653923802E}.Debug|Any CPU.ActiveCfg = Debug|Any CPU
		{FB87A617-5EBC-45AD-915E-1B653923802E}.Debug|Any CPU.Build.0 = Debug|Any CPU
		{FB87A617-5EBC-45AD-915E-1B653923802E}.Release|Any CPU.ActiveCfg = Release|Any CPU
		{FB87A617-5EBC-45AD-915E-1B653923802E}.Release|Any CPU.Build.0 = Release|Any CPU
		{32603F26-76B8-44D5-8442-1F30972E5CC8}.Debug|Any CPU.ActiveCfg = Debug|Any CPU
		{32603F26-76B8-44D5-8442-1F30972E5CC8}.Debug|Any CPU.Build.0 = Debug|Any CPU
		{32603F26-76B8-44D5-8442-1F30972E5CC8}.Release|Any CPU.ActiveCfg = Release|Any CPU
		{32603F26-76B8-44D5-8442-1F30972E5CC8}.Release|Any CPU.Build.0 = Release|Any CPU
		{0929904A-AF64-4BEF-88C3-878D4135F567}.Debug|Any CPU.ActiveCfg = Debug|Any CPU
		{0929904A-AF64-4BEF-88C3-878D4135F567}.Debug|Any CPU.Build.0 = Debug|Any CPU
		{0929904A-AF64-4BEF-88C3-878D4135F567}.Release|Any CPU.ActiveCfg = Release|Any CPU
		{0929904A-AF64-4BEF-88C3-878D4135F567}.Release|Any CPU.Build.0 = Release|Any CPU
		{A194B875-6688-4040-809E-A550D1050650}.Debug|Any CPU.ActiveCfg = Debug|Any CPU
		{A194B875-6688-4040-809E-A550D1050650}.Debug|Any CPU.Build.0 = Debug|Any CPU
		{A194B875-6688-4040-809E-A550D1050650}.Release|Any CPU.ActiveCfg = Release|Any CPU
		{A194B875-6688-4040-809E-A550D1050650}.Release|Any CPU.Build.0 = Release|Any CPU
		{C579F7CC-6ABD-4951-9B1A-34043CE1E0F1}.Debug|Any CPU.ActiveCfg = Debug|Any CPU
		{C579F7CC-6ABD-4951-9B1A-34043CE1E0F1}.Debug|Any CPU.Build.0 = Debug|Any CPU
		{C579F7CC-6ABD-4951-9B1A-34043CE1E0F1}.Release|Any CPU.ActiveCfg = Release|Any CPU
		{C579F7CC-6ABD-4951-9B1A-34043CE1E0F1}.Release|Any CPU.Build.0 = Release|Any CPU
		{D4E46750-C373-4225-9AF5-288BE54825AF}.Debug|Any CPU.ActiveCfg = Debug|Any CPU
		{D4E46750-C373-4225-9AF5-288BE54825AF}.Debug|Any CPU.Build.0 = Debug|Any CPU
		{D4E46750-C373-4225-9AF5-288BE54825AF}.Release|Any CPU.ActiveCfg = Release|Any CPU
		{D4E46750-C373-4225-9AF5-288BE54825AF}.Release|Any CPU.Build.0 = Release|Any CPU
		{FB3F2A5A-57C1-415E-9E06-B90E486EFCAD}.Debug|Any CPU.ActiveCfg = Debug|Any CPU
		{FB3F2A5A-57C1-415E-9E06-B90E486EFCAD}.Debug|Any CPU.Build.0 = Debug|Any CPU
		{FB3F2A5A-57C1-415E-9E06-B90E486EFCAD}.Release|Any CPU.ActiveCfg = Release|Any CPU
		{FB3F2A5A-57C1-415E-9E06-B90E486EFCAD}.Release|Any CPU.Build.0 = Release|Any CPU
		{698C738B-B16A-475B-B2B2-57828F5A41E1}.Debug|Any CPU.ActiveCfg = Debug|Any CPU
		{698C738B-B16A-475B-B2B2-57828F5A41E1}.Debug|Any CPU.Build.0 = Debug|Any CPU
		{698C738B-B16A-475B-B2B2-57828F5A41E1}.Release|Any CPU.ActiveCfg = Release|Any CPU
		{698C738B-B16A-475B-B2B2-57828F5A41E1}.Release|Any CPU.Build.0 = Release|Any CPU
		{14C5152E-3440-4D0A-86D9-6396650B15DD}.Debug|Any CPU.ActiveCfg = Debug|Any CPU
		{14C5152E-3440-4D0A-86D9-6396650B15DD}.Debug|Any CPU.Build.0 = Debug|Any CPU
		{14C5152E-3440-4D0A-86D9-6396650B15DD}.Release|Any CPU.ActiveCfg = Release|Any CPU
		{14C5152E-3440-4D0A-86D9-6396650B15DD}.Release|Any CPU.Build.0 = Release|Any CPU
		{63BBAD29-0858-4446-BE0A-61A10FDFD89B}.Debug|Any CPU.ActiveCfg = Debug|Any CPU
		{63BBAD29-0858-4446-BE0A-61A10FDFD89B}.Debug|Any CPU.Build.0 = Debug|Any CPU
		{63BBAD29-0858-4446-BE0A-61A10FDFD89B}.Release|Any CPU.ActiveCfg = Release|Any CPU
		{63BBAD29-0858-4446-BE0A-61A10FDFD89B}.Release|Any CPU.Build.0 = Release|Any CPU
		{C35E7E37-C13B-40E3-B60F-874C69234041}.Debug|Any CPU.ActiveCfg = Debug|Any CPU
		{C35E7E37-C13B-40E3-B60F-874C69234041}.Debug|Any CPU.Build.0 = Debug|Any CPU
		{C35E7E37-C13B-40E3-B60F-874C69234041}.Release|Any CPU.ActiveCfg = Release|Any CPU
		{C35E7E37-C13B-40E3-B60F-874C69234041}.Release|Any CPU.Build.0 = Release|Any CPU
		{15FD1459-CE12-402A-BB39-8D8402018563}.Debug|Any CPU.ActiveCfg = Debug|Any CPU
		{15FD1459-CE12-402A-BB39-8D8402018563}.Debug|Any CPU.Build.0 = Debug|Any CPU
		{15FD1459-CE12-402A-BB39-8D8402018563}.Release|Any CPU.ActiveCfg = Release|Any CPU
		{15FD1459-CE12-402A-BB39-8D8402018563}.Release|Any CPU.Build.0 = Release|Any CPU
	EndGlobalSection
	GlobalSection(SolutionProperties) = preSolution
		HideSolutionNode = FALSE
	EndGlobalSection
	GlobalSection(NestedProjects) = preSolution
		{8023400A-16A3-4A7A-A8A4-B86C9ADBAB9E} = {C03A22E5-CBAD-4C10-9336-18A14A9DBA30}
		{7F82CA22-48B5-4EA8-897A-679F706889DF} = {8023400A-16A3-4A7A-A8A4-B86C9ADBAB9E}
		{47055F4D-9115-4BFF-864B-ABD034B432D0} = {85169FAB-11AF-466B-9EF2-04EFD87D9B8E}
		{17E98031-7035-48F5-B9DA-A7BA976EE5D5} = {C03A22E5-CBAD-4C10-9336-18A14A9DBA30}
		{5B0DE351-B812-45AE-B488-63CA3EE600B3} = {17E98031-7035-48F5-B9DA-A7BA976EE5D5}
		{FFBB5919-4317-4D79-9B1F-ADE31F3253E2} = {C03A22E5-CBAD-4C10-9336-18A14A9DBA30}
		{2F7C5754-1C14-4674-9B1B-EE3337C34F82} = {FFBB5919-4317-4D79-9B1F-ADE31F3253E2}
		{72D79BB8-0D45-436B-9DAD-09D8D8E804F8} = {C03A22E5-CBAD-4C10-9336-18A14A9DBA30}
		{1BD0FBE1-1C68-40BC-96F3-08F36F8B77DB} = {72D79BB8-0D45-436B-9DAD-09D8D8E804F8}
		{35796DC5-0927-4D97-86FC-DE34E77FF65D} = {72D79BB8-0D45-436B-9DAD-09D8D8E804F8}
		{F33EE5B3-3625-404C-A6C9-A22F3C9AB504} = {72D79BB8-0D45-436B-9DAD-09D8D8E804F8}
		{1BA32B2A-BA8C-465B-9D36-98C250D33870} = {72D79BB8-0D45-436B-9DAD-09D8D8E804F8}
		{C7AFE3D7-236F-464D-AA41-65DD9A6CBBE6} = {72D79BB8-0D45-436B-9DAD-09D8D8E804F8}
		{966E1053-F382-4B21-BDBB-EABADAF6FC09} = {FFBB5919-4317-4D79-9B1F-ADE31F3253E2}
		{D4FBE777-4346-48CD-B7A5-57D7E694E7D7} = {FFBB5919-4317-4D79-9B1F-ADE31F3253E2}
		{FCF53BDA-513C-4D1E-8FAF-CCC7ED80F22E} = {FFBB5919-4317-4D79-9B1F-ADE31F3253E2}
		{C363CC7D-72FA-411B-9F35-BD6E651F87AD} = {85169FAB-11AF-466B-9EF2-04EFD87D9B8E}
		{2C5F1AFF-E4F3-4E03-B9C4-31692CC4C756} = {A7C52CE4-6FE8-4F52-9CD2-69154CBE49D8}
		{3EEA6145-83A7-4511-9452-2B1AE68EB8A8} = {C03A22E5-CBAD-4C10-9336-18A14A9DBA30}
		{853208A0-DF0E-489C-AEE5-A6F94AA757E9} = {3EEA6145-83A7-4511-9452-2B1AE68EB8A8}
		{A856C32E-678D-4AA4-A8F2-91645A1922BD} = {3EEA6145-83A7-4511-9452-2B1AE68EB8A8}
		{ECA02B0D-F360-47BE-A2C1-95A8E71E2B1F} = {3EEA6145-83A7-4511-9452-2B1AE68EB8A8}
		{C6C26616-F1E7-42D6-8404-7482827A2F43} = {3EEA6145-83A7-4511-9452-2B1AE68EB8A8}
		{CEEB3725-BE72-47F1-84CD-5A3EEFBC5FA7} = {3EEA6145-83A7-4511-9452-2B1AE68EB8A8}
		{1A6448B5-5ED5-446C-ADF9-BD76C26D7838} = {C03A22E5-CBAD-4C10-9336-18A14A9DBA30}
		{AFC0E9C3-71FF-48CA-A1A0-4EBAB613D7C7} = {1A6448B5-5ED5-446C-ADF9-BD76C26D7838}
		{EBD6340D-9166-494C-9532-6922C534749B} = {1A6448B5-5ED5-446C-ADF9-BD76C26D7838}
		{FB87A617-5EBC-45AD-915E-1B653923802E} = {1A6448B5-5ED5-446C-ADF9-BD76C26D7838}
		{32603F26-76B8-44D5-8442-1F30972E5CC8} = {1A6448B5-5ED5-446C-ADF9-BD76C26D7838}
		{B261B86D-A8B4-4566-B2C6-A54CAAF7390E} = {C03A22E5-CBAD-4C10-9336-18A14A9DBA30}
		{0929904A-AF64-4BEF-88C3-878D4135F567} = {B261B86D-A8B4-4566-B2C6-A54CAAF7390E}
		{326A2B54-A61F-411F-BF70-BC004E01F767} = {C03A22E5-CBAD-4C10-9336-18A14A9DBA30}
		{A194B875-6688-4040-809E-A550D1050650} = {326A2B54-A61F-411F-BF70-BC004E01F767}
		{C579F7CC-6ABD-4951-9B1A-34043CE1E0F1} = {326A2B54-A61F-411F-BF70-BC004E01F767}
		{D4E46750-C373-4225-9AF5-288BE54825AF} = {326A2B54-A61F-411F-BF70-BC004E01F767}
		{FB3F2A5A-57C1-415E-9E06-B90E486EFCAD} = {326A2B54-A61F-411F-BF70-BC004E01F767}
		{F5BCB6DC-C4F1-4285-AF1A-BE8E7315E320} = {C03A22E5-CBAD-4C10-9336-18A14A9DBA30}
		{698C738B-B16A-475B-B2B2-57828F5A41E1} = {F5BCB6DC-C4F1-4285-AF1A-BE8E7315E320}
		{14C5152E-3440-4D0A-86D9-6396650B15DD} = {F5BCB6DC-C4F1-4285-AF1A-BE8E7315E320}
		{63BBAD29-0858-4446-BE0A-61A10FDFD89B} = {F5BCB6DC-C4F1-4285-AF1A-BE8E7315E320}
		{C35E7E37-C13B-40E3-B60F-874C69234041} = {F5BCB6DC-C4F1-4285-AF1A-BE8E7315E320}
		{7CE98CFF-ECCA-4513-8063-DC4B66B6B25D} = {C03A22E5-CBAD-4C10-9336-18A14A9DBA30}
		{15FD1459-CE12-402A-BB39-8D8402018563} = {7CE98CFF-ECCA-4513-8063-DC4B66B6B25D}
	EndGlobalSection
	GlobalSection(ExtensibilityGlobals) = postSolution
		SolutionGuid = {A3E24053-2FFA-479B-A57B-0C926C4E6910}
	EndGlobalSection
EndGlobal
